
Microsoft Visual Studio Solution File, Format Version 11.00
# Visual Studio 2010
Project("{FAE04EC0-301F-11D3-BF4B-00C04F79EFBC}") = "twilio.sugar", "twilio.sugar\twilio.sugar.csproj", "{BA0D48F3-680C-4270-B30E-2343DCBA1D17}"
EndProject
Project("{FAE04EC0-301F-11D3-BF4B-00C04F79EFBC}") = "twilio.sugar.tests", "twilio.sugar.tests\twilio.sugar.tests.csproj", "{F5376DE8-4574-4ADE-9A6F-B470F8629411}"
EndProject
Project("{2150E333-8FDC-42A3-9474-1A3956D46DE8}") = "Solution Items", "Solution Items", "{85455FE0-EFE2-4A8C-8D41-346BA79379FE}"
	ProjectSection(SolutionItems) = preProject
		Solution Items\Local.testsettings = Solution Items\Local.testsettings
		Solution Items\TraceAndTestImpact.testsettings = Solution Items\TraceAndTestImpact.testsettings
		Solution Items\twilio.sugar.sln = Solution Items\twilio.sugar.sln
		twilio.sugar.vsmdi = twilio.sugar.vsmdi
	EndProjectSection
EndProject
Global
	GlobalSection(TestCaseManagementSettings) = postSolution
		CategoryFile = twilio.sugar.vsmdi
	EndGlobalSection
	GlobalSection(SolutionConfigurationPlatforms) = preSolution
		Debug|Any CPU = Debug|Any CPU
		Release|Any CPU = Release|Any CPU
	EndGlobalSection
	GlobalSection(ProjectConfigurationPlatforms) = postSolution
		{BA0D48F3-680C-4270-B30E-2343DCBA1D17}.Debug|Any CPU.ActiveCfg = Debug|Any CPU
		{BA0D48F3-680C-4270-B30E-2343DCBA1D17}.Debug|Any CPU.Build.0 = Debug|Any CPU
		{BA0D48F3-680C-4270-B30E-2343DCBA1D17}.Release|Any CPU.ActiveCfg = Release|Any CPU
		{BA0D48F3-680C-4270-B30E-2343DCBA1D17}.Release|Any CPU.Build.0 = Release|Any CPU
		{F5376DE8-4574-4ADE-9A6F-B470F8629411}.Debug|Any CPU.ActiveCfg = Debug|Any CPU
		{F5376DE8-4574-4ADE-9A6F-B470F8629411}.Debug|Any CPU.Build.0 = Debug|Any CPU
		{F5376DE8-4574-4ADE-9A6F-B470F8629411}.Release|Any CPU.ActiveCfg = Release|Any CPU
		{F5376DE8-4574-4ADE-9A6F-B470F8629411}.Release|Any CPU.Build.0 = Release|Any CPU
	EndGlobalSection
	GlobalSection(SolutionProperties) = preSolution
		HideSolutionNode = FALSE
	EndGlobalSection
EndGlobal
